
Microsoft Visual Studio Solution File, Format Version 12.00
# Visual Studio Version 17
VisualStudioVersion = 17.7.34018.315
MinimumVisualStudioVersion = 10.0.40219.1
Project("{FAE04EC0-301F-11D3-BF4B-00C04F79EFBC}") = "inluppg5.3", "inluppg5.3\inluppg5.3.csproj", "{BA23ADAF-B947-458F-A63C-34BD17A93B04}"
EndProject
Global
	GlobalSection(SolutionConfigurationPlatforms) = preSolution
		Debug|Any CPU = Debug|Any CPU
		Release|Any CPU = Release|Any CPU
	EndGlobalSection
	GlobalSection(ProjectConfigurationPlatforms) = postSolution
		{BA23ADAF-B947-458F-A63C-34BD17A93B04}.Debug|Any CPU.ActiveCfg = Debug|Any CPU
		{BA23ADAF-B947-458F-A63C-34BD17A93B04}.Debug|Any CPU.Build.0 = Debug|Any CPU
		{BA23ADAF-B947-458F-A63C-34BD17A93B04}.Release|Any CPU.ActiveCfg = Release|Any CPU
		{BA23ADAF-B947-458F-A63C-34BD17A93B04}.Release|Any CPU.Build.0 = Release|Any CPU
	EndGlobalSection
	GlobalSection(SolutionProperties) = preSolution
		HideSolutionNode = FALSE
	EndGlobalSection
	GlobalSection(ExtensibilityGlobals) = postSolution
		SolutionGuid = {891EEFFE-54BC-450B-BCD4-F927FE79DA41}
	EndGlobalSection
EndGlobal
